
Microsoft Visual Studio Solution File, Format Version 9.00
# Visual Studio 2005
Project("{8BC9CEB8-8B4A-11D0-8D11-00A0C91BC942}") = "RPG VX Ace SDK", "RPG VX Ace SDK\RPG VX Ace SDK.vcproj", "{626B52BB-758C-4856-BFB4-EEB97D2F9C35}"
EndProject
Global
	GlobalSection(SolutionConfigurationPlatforms) = preSolution
		Debug|Win32 = Debug|Win32
		Release|Win32 = Release|Win32
	EndGlobalSection
	GlobalSection(ProjectConfigurationPlatforms) = postSolution
		{626B52BB-758C-4856-BFB4-EEB97D2F9C35}.Debug|Win32.ActiveCfg = Debug|Win32
		{626B52BB-758C-4856-BFB4-EEB97D2F9C35}.Debug|Win32.Build.0 = Debug|Win32
		{626B52BB-758C-4856-BFB4-EEB97D2F9C35}.Release|Win32.ActiveCfg = Release|Win32
		{626B52BB-758C-4856-BFB4-EEB97D2F9C35}.Release|Win32.Build.0 = Release|Win32
	EndGlobalSection
	GlobalSection(SolutionProperties) = preSolution
		HideSolutionNode = FALSE
	EndGlobalSection
EndGlobal
